
Microsoft Visual Studio Solution File, Format Version 12.00
# Visual Studio Version 17
VisualStudioVersion = 17.13.35931.197
MinimumVisualStudioVersion = 10.0.40219.1
Project("{FAE04EC0-301F-11D3-BF4B-00C04F79EFBC}") = "SoftBibWA", "SoftInvWAProg3\SoftBibWA.csproj", "{B9941429-7B5B-4AC6-BA3C-A45D183E0498}"
EndProject
Global
	GlobalSection(SolutionConfigurationPlatforms) = preSolution
		Debug|Any CPU = Debug|Any CPU
		Release|Any CPU = Release|Any CPU
	EndGlobalSection
	GlobalSection(ProjectConfigurationPlatforms) = postSolution
		{B9941429-7B5B-4AC6-BA3C-A45D183E0498}.Debug|Any CPU.ActiveCfg = Debug|Any CPU
		{B9941429-7B5B-4AC6-BA3C-A45D183E0498}.Debug|Any CPU.Build.0 = Debug|Any CPU
		{B9941429-7B5B-4AC6-BA3C-A45D183E0498}.Release|Any CPU.ActiveCfg = Release|Any CPU
		{B9941429-7B5B-4AC6-BA3C-A45D183E0498}.Release|Any CPU.Build.0 = Release|Any CPU
	EndGlobalSection
	GlobalSection(SolutionProperties) = preSolution
		HideSolutionNode = FALSE
	EndGlobalSection
	GlobalSection(ExtensibilityGlobals) = postSolution
		SolutionGuid = {32FAD5E8-4008-4DCD-AA99-9D4C45BF7542}
	EndGlobalSection
EndGlobal
